// !$*UTF8*$!
{
	archiveVersion = 1;
	classes = {
	};
	objectVersion = 56;
	objects = {

/* Begin PBXBuildFile section */
		645646C9BB6F4C2610F221CC /* Pods_PicoArt.framework in Frameworks */ = {isa = PBXBuildFile; fileRef = A8C9B84A7C08D96CF5BA9B5B /* Pods_PicoArt.framework */; };
		721282BE2AA0D45200FE554E /* CollectionTableViewCell.swift in Sources */ = {isa = PBXBuildFile; fileRef = 721282BC2AA0D45200FE554E /* CollectionTableViewCell.swift */; };
		721282BF2AA0D45200FE554E /* CollectionTableViewCell.xib in Resources */ = {isa = PBXBuildFile; fileRef = 721282BD2AA0D45200FE554E /* CollectionTableViewCell.xib */; };
		722BB5652B283BA900B73C87 /* FirstIntroViewController.swift in Sources */ = {isa = PBXBuildFile; fileRef = 722BB5642B283BA900B73C87 /* FirstIntroViewController.swift */; };
		722BB5672B283BB700B73C87 /* SecondIntroViewController.swift in Sources */ = {isa = PBXBuildFile; fileRef = 722BB5662B283BB700B73C87 /* SecondIntroViewController.swift */; };
		722BB5692B283BC300B73C87 /* ThirdIntroViewController.swift in Sources */ = {isa = PBXBuildFile; fileRef = 722BB5682B283BC300B73C87 /* ThirdIntroViewController.swift */; };
		722BB56B2B283BDE00B73C87 /* MainIntroViewController.swift in Sources */ = {isa = PBXBuildFile; fileRef = 722BB56A2B283BDE00B73C87 /* MainIntroViewController.swift */; };
		722BB56D2B2861FB00B73C87 /* FourthIntroViewController.swift in Sources */ = {isa = PBXBuildFile; fileRef = 722BB56C2B2861FB00B73C87 /* FourthIntroViewController.swift */; };
		722BB56F2B28620700B73C87 /* FifthIntroViewController.swift in Sources */ = {isa = PBXBuildFile; fileRef = 722BB56E2B28620700B73C87 /* FifthIntroViewController.swift */; };
		723ADA1D2A99F3D600D216AB /* AppDelegate.swift in Sources */ = {isa = PBXBuildFile; fileRef = 723ADA1C2A99F3D600D216AB /* AppDelegate.swift */; };
		723ADA1F2A99F3D600D216AB /* SceneDelegate.swift in Sources */ = {isa = PBXBuildFile; fileRef = 723ADA1E2A99F3D600D216AB /* SceneDelegate.swift */; };
		723ADA212A99F3D600D216AB /* ViewController.swift in Sources */ = {isa = PBXBuildFile; fileRef = 723ADA202A99F3D600D216AB /* ViewController.swift */; };
		723ADA242A99F3D600D216AB /* Main.storyboard in Resources */ = {isa = PBXBuildFile; fileRef = 723ADA222A99F3D600D216AB /* Main.storyboard */; };
		723ADA262A99F3D800D216AB /* Assets.xcassets in Resources */ = {isa = PBXBuildFile; fileRef = 723ADA252A99F3D800D216AB /* Assets.xcassets */; };
		723ADA292A99F3D800D216AB /* LaunchScreen.storyboard in Resources */ = {isa = PBXBuildFile; fileRef = 723ADA272A99F3D800D216AB /* LaunchScreen.storyboard */; };
		72C85DFD2ABCC82B0078D2AA /* AboutUsViewController.swift in Sources */ = {isa = PBXBuildFile; fileRef = 72C85DFC2ABCC82B0078D2AA /* AboutUsViewController.swift */; };
		72DD5E0E2AA05989007E2CCD /* HomeViewController.swift in Sources */ = {isa = PBXBuildFile; fileRef = 72DD5E0D2AA05989007E2CCD /* HomeViewController.swift */; };
		72DD5E102AA05996007E2CCD /* CollectionViewController.swift in Sources */ = {isa = PBXBuildFile; fileRef = 72DD5E0F2AA05996007E2CCD /* CollectionViewController.swift */; };
		72DD5E122AA059A1007E2CCD /* SettingViewController.swift in Sources */ = {isa = PBXBuildFile; fileRef = 72DD5E112AA059A1007E2CCD /* SettingViewController.swift */; };
		72DD5E142AA063D4007E2CCD /* MainTabViewController.swift in Sources */ = {isa = PBXBuildFile; fileRef = 72DD5E132AA063D4007E2CCD /* MainTabViewController.swift */; };
		72DD5E162AA07D47007E2CCD /* PrivacyPolicyViewController.swift in Sources */ = {isa = PBXBuildFile; fileRef = 72DD5E152AA07D47007E2CCD /* PrivacyPolicyViewController.swift */; };
		72DD5E182AA07D62007E2CCD /* TermAndConditionViewController.swift in Sources */ = {isa = PBXBuildFile; fileRef = 72DD5E172AA07D62007E2CCD /* TermAndConditionViewController.swift */; };
		72E7B4C52ABCCBBF00490738 /* MGK3DButton.swift in Sources */ = {isa = PBXBuildFile; fileRef = 72E7B4C42ABCCBBF00490738 /* MGK3DButton.swift */; };
		72E7B4C72ABCCDA300490738 /* MainViewController.swift in Sources */ = {isa = PBXBuildFile; fileRef = 72E7B4C62ABCCDA300490738 /* MainViewController.swift */; };
/* End PBXBuildFile section */

/* Begin PBXFileReference section */
		721282BC2AA0D45200FE554E /* CollectionTableViewCell.swift */ = {isa = PBXFileReference; lastKnownFileType = sourcecode.swift; path = CollectionTableViewCell.swift; sourceTree = "<group>"; };
		721282BD2AA0D45200FE554E /* CollectionTableViewCell.xib */ = {isa = PBXFileReference; lastKnownFileType = file.xib; path = CollectionTableViewCell.xib; sourceTree = "<group>"; };
		722BB5642B283BA900B73C87 /* FirstIntroViewController.swift */ = {isa = PBXFileReference; lastKnownFileType = sourcecode.swift; path = FirstIntroViewController.swift; sourceTree = "<group>"; };
		722BB5662B283BB700B73C87 /* SecondIntroViewController.swift */ = {isa = PBXFileReference; lastKnownFileType = sourcecode.swift; path = SecondIntroViewController.swift; sourceTree = "<group>"; };
		722BB5682B283BC300B73C87 /* ThirdIntroViewController.swift */ = {isa = PBXFileReference; lastKnownFileType = sourcecode.swift; path = ThirdIntroViewController.swift; sourceTree = "<group>"; };
		722BB56A2B283BDE00B73C87 /* MainIntroViewController.swift */ = {isa = PBXFileReference; lastKnownFileType = sourcecode.swift; path = MainIntroViewController.swift; sourceTree = "<group>"; };
		722BB56C2B2861FB00B73C87 /* FourthIntroViewController.swift */ = {isa = PBXFileReference; lastKnownFileType = sourcecode.swift; path = FourthIntroViewController.swift; sourceTree = "<group>"; };
		722BB56E2B28620700B73C87 /* FifthIntroViewController.swift */ = {isa = PBXFileReference; lastKnownFileType = sourcecode.swift; path = FifthIntroViewController.swift; sourceTree = "<group>"; };
		723ADA192A99F3D600D216AB /* PicoArt.app */ = {isa = PBXFileReference; explicitFileType = wrapper.application; includeInIndex = 0; path = PicoArt.app; sourceTree = BUILT_PRODUCTS_DIR; };
		723ADA1C2A99F3D600D216AB /* AppDelegate.swift */ = {isa = PBXFileReference; lastKnownFileType = sourcecode.swift; path = AppDelegate.swift; sourceTree = "<group>"; };
		723ADA1E2A99F3D600D216AB /* SceneDelegate.swift */ = {isa = PBXFileReference; lastKnownFileType = sourcecode.swift; path = SceneDelegate.swift; sourceTree = "<group>"; };
		723ADA202A99F3D600D216AB /* ViewController.swift */ = {isa = PBXFileReference; lastKnownFileType = sourcecode.swift; path = ViewController.swift; sourceTree = "<group>"; };
		723ADA232A99F3D600D216AB /* Base */ = {isa = PBXFileReference; lastKnownFileType = file.storyboard; name = Base; path = Base.lproj/Main.storyboard; sourceTree = "<group>"; };
		723ADA252A99F3D800D216AB /* Assets.xcassets */ = {isa = PBXFileReference; lastKnownFileType = folder.assetcatalog; path = Assets.xcassets; sourceTree = "<group>"; };
		723ADA282A99F3D800D216AB /* Base */ = {isa = PBXFileReference; lastKnownFileType = file.storyboard; name = Base; path = Base.lproj/LaunchScreen.storyboard; sourceTree = "<group>"; };
		723ADA2A2A99F3D800D216AB /* Info.plist */ = {isa = PBXFileReference; lastKnownFileType = text.plist.xml; path = Info.plist; sourceTree = "<group>"; };
		72C85DFC2ABCC82B0078D2AA /* AboutUsViewController.swift */ = {isa = PBXFileReference; lastKnownFileType = sourcecode.swift; path = AboutUsViewController.swift; sourceTree = "<group>"; };
		72DD5E0D2AA05989007E2CCD /* HomeViewController.swift */ = {isa = PBXFileReference; lastKnownFileType = sourcecode.swift; path = HomeViewController.swift; sourceTree = "<group>"; };
		72DD5E0F2AA05996007E2CCD /* CollectionViewController.swift */ = {isa = PBXFileReference; lastKnownFileType = sourcecode.swift; path = CollectionViewController.swift; sourceTree = "<group>"; };
		72DD5E112AA059A1007E2CCD /* SettingViewController.swift */ = {isa = PBXFileReference; lastKnownFileType = sourcecode.swift; path = SettingViewController.swift; sourceTree = "<group>"; };
		72DD5E132AA063D4007E2CCD /* MainTabViewController.swift */ = {isa = PBXFileReference; lastKnownFileType = sourcecode.swift; path = MainTabViewController.swift; sourceTree = "<group>"; };
		72DD5E152AA07D47007E2CCD /* PrivacyPolicyViewController.swift */ = {isa = PBXFileReference; lastKnownFileType = sourcecode.swift; path = PrivacyPolicyViewController.swift; sourceTree = "<group>"; };
		72DD5E172AA07D62007E2CCD /* TermAndConditionViewController.swift */ = {isa = PBXFileReference; lastKnownFileType = sourcecode.swift; path = TermAndConditionViewController.swift; sourceTree = "<group>"; };
		72E7B4C42ABCCBBF00490738 /* MGK3DButton.swift */ = {isa = PBXFileReference; fileEncoding = 4; lastKnownFileType = sourcecode.swift; path = MGK3DButton.swift; sourceTree = "<group>"; };
		72E7B4C62ABCCDA300490738 /* MainViewController.swift */ = {isa = PBXFileReference; lastKnownFileType = sourcecode.swift; path = MainViewController.swift; sourceTree = "<group>"; };
		A8C9B84A7C08D96CF5BA9B5B /* Pods_PicoArt.framework */ = {isa = PBXFileReference; explicitFileType = wrapper.framework; includeInIndex = 0; path = Pods_PicoArt.framework; sourceTree = BUILT_PRODUCTS_DIR; };
		CFB8958598B08EC9EC7DB325 /* Pods-PicoArt.release.xcconfig */ = {isa = PBXFileReference; includeInIndex = 1; lastKnownFileType = text.xcconfig; name = "Pods-PicoArt.release.xcconfig"; path = "Target Support Files/Pods-PicoArt/Pods-PicoArt.release.xcconfig"; sourceTree = "<group>"; };
		ECF606A2C417D446C9726E72 /* Pods-PicoArt.debug.xcconfig */ = {isa = PBXFileReference; includeInIndex = 1; lastKnownFileType = text.xcconfig; name = "Pods-PicoArt.debug.xcconfig"; path = "Target Support Files/Pods-PicoArt/Pods-PicoArt.debug.xcconfig"; sourceTree = "<group>"; };
/* End PBXFileReference section */

/* Begin PBXFrameworksBuildPhase section */
		723ADA162A99F3D600D216AB /* Frameworks */ = {
			isa = PBXFrameworksBuildPhase;
			buildActionMask = 2147483647;
			files = (
				645646C9BB6F4C2610F221CC /* Pods_PicoArt.framework in Frameworks */,
			);
			runOnlyForDeploymentPostprocessing = 0;
		};
/* End PBXFrameworksBuildPhase section */

/* Begin PBXGroup section */
		721282BB2AA0D43000FE554E /* CollectionTableCell */ = {
			isa = PBXGroup;
			children = (
				721282BC2AA0D45200FE554E /* CollectionTableViewCell.swift */,
				721282BD2AA0D45200FE554E /* CollectionTableViewCell.xib */,
			);
			path = CollectionTableCell;
			sourceTree = "<group>";
		};
		722BB5632B283B8600B73C87 /* IntroVc */ = {
			isa = PBXGroup;
			children = (
				722BB56A2B283BDE00B73C87 /* MainIntroViewController.swift */,
				722BB5642B283BA900B73C87 /* FirstIntroViewController.swift */,
				722BB5662B283BB700B73C87 /* SecondIntroViewController.swift */,
				722BB5682B283BC300B73C87 /* ThirdIntroViewController.swift */,
				722BB56C2B2861FB00B73C87 /* FourthIntroViewController.swift */,
				722BB56E2B28620700B73C87 /* FifthIntroViewController.swift */,
			);
			path = IntroVc;
			sourceTree = "<group>";
		};
		723ADA102A99F3D600D216AB = {
			isa = PBXGroup;
			children = (
				723ADA1B2A99F3D600D216AB /* PicoArt */,
				723ADA1A2A99F3D600D216AB /* Products */,
				EB4E24C3FD9317A6608431EC /* Pods */,
				72DC8184E31C167C1B1829D1 /* Frameworks */,
			);
			sourceTree = "<group>";
		};
		723ADA1A2A99F3D600D216AB /* Products */ = {
			isa = PBXGroup;
			children = (
				723ADA192A99F3D600D216AB /* PicoArt.app */,
			);
			name = Products;
			sourceTree = "<group>";
		};
		723ADA1B2A99F3D600D216AB /* PicoArt */ = {
			isa = PBXGroup;
			children = (
				723ADA1C2A99F3D600D216AB /* AppDelegate.swift */,
				723ADA1E2A99F3D600D216AB /* SceneDelegate.swift */,
				723ADA202A99F3D600D216AB /* ViewController.swift */,
				72E7B4C42ABCCBBF00490738 /* MGK3DButton.swift */,
				72DD5E092AA0594C007E2CCD /* Tabs */,
				723ADA222A99F3D600D216AB /* Main.storyboard */,
				723ADA252A99F3D800D216AB /* Assets.xcassets */,
				723ADA272A99F3D800D216AB /* LaunchScreen.storyboard */,
				723ADA2A2A99F3D800D216AB /* Info.plist */,
			);
			path = PicoArt;
			sourceTree = "<group>";
		};
		72DC8184E31C167C1B1829D1 /* Frameworks */ = {
			isa = PBXGroup;
			children = (
				A8C9B84A7C08D96CF5BA9B5B /* Pods_PicoArt.framework */,
			);
			name = Frameworks;
			sourceTree = "<group>";
		};
		72DD5E092AA0594C007E2CCD /* Tabs */ = {
			isa = PBXGroup;
			children = (
				72DD5E132AA063D4007E2CCD /* MainTabViewController.swift */,
				722BB5632B283B8600B73C87 /* IntroVc */,
				72DD5E0A2AA05955007E2CCD /* Home */,
				72DD5E0B2AA0595C007E2CCD /* Collection */,
				72DD5E0C2AA05966007E2CCD /* Setting */,
			);
			path = Tabs;
			sourceTree = "<group>";
		};
		72DD5E0A2AA05955007E2CCD /* Home */ = {
			isa = PBXGroup;
			children = (
				72DD5E0D2AA05989007E2CCD /* HomeViewController.swift */,
				72E7B4C62ABCCDA300490738 /* MainViewController.swift */,
			);
			path = Home;
			sourceTree = "<group>";
		};
		72DD5E0B2AA0595C007E2CCD /* Collection */ = {
			isa = PBXGroup;
			children = (
				72DD5E0F2AA05996007E2CCD /* CollectionViewController.swift */,
				721282BB2AA0D43000FE554E /* CollectionTableCell */,
			);
			path = Collection;
			sourceTree = "<group>";
		};
		72DD5E0C2AA05966007E2CCD /* Setting */ = {
			isa = PBXGroup;
			children = (
				72DD5E112AA059A1007E2CCD /* SettingViewController.swift */,
				72DD5E152AA07D47007E2CCD /* PrivacyPolicyViewController.swift */,
				72DD5E172AA07D62007E2CCD /* TermAndConditionViewController.swift */,
				72C85DFC2ABCC82B0078D2AA /* AboutUsViewController.swift */,
			);
			path = Setting;
			sourceTree = "<group>";
		};
		EB4E24C3FD9317A6608431EC /* Pods */ = {
			isa = PBXGroup;
			children = (
				ECF606A2C417D446C9726E72 /* Pods-PicoArt.debug.xcconfig */,
				CFB8958598B08EC9EC7DB325 /* Pods-PicoArt.release.xcconfig */,
			);
			path = Pods;
			sourceTree = "<group>";
		};
/* End PBXGroup section */

/* Begin PBXNativeTarget section */
		723ADA182A99F3D600D216AB /* PicoArt */ = {
			isa = PBXNativeTarget;
			buildConfigurationList = 723ADA2D2A99F3D800D216AB /* Build configuration list for PBXNativeTarget "PicoArt" */;
			buildPhases = (
				4A02886D40E1365A63068F11 /* [CP] Check Pods Manifest.lock */,
				723ADA152A99F3D600D216AB /* Sources */,
				723ADA162A99F3D600D216AB /* Frameworks */,
				723ADA172A99F3D600D216AB /* Resources */,
				B686708AD28B18BE82FB8992 /* [CP] Embed Pods Frameworks */,
			);
			buildRules = (
			);
			dependencies = (
			);
			name = PicoArt;
			productName = PicoArt;
			productReference = 723ADA192A99F3D600D216AB /* PicoArt.app */;
			productType = "com.apple.product-type.application";
		};
/* End PBXNativeTarget section */

/* Begin PBXProject section */
		723ADA112A99F3D600D216AB /* Project object */ = {
			isa = PBXProject;
			attributes = {
				BuildIndependentTargetsInParallel = 1;
				LastSwiftUpdateCheck = 1430;
				LastUpgradeCheck = 1430;
				TargetAttributes = {
					723ADA182A99F3D600D216AB = {
						CreatedOnToolsVersion = 14.3.1;
					};
				};
			};
			buildConfigurationList = 723ADA142A99F3D600D216AB /* Build configuration list for PBXProject "PicoArt" */;
			compatibilityVersion = "Xcode 14.0";
			developmentRegion = en;
			hasScannedForEncodings = 0;
			knownRegions = (
				en,
				Base,
			);
			mainGroup = 723ADA102A99F3D600D216AB;
			productRefGroup = 723ADA1A2A99F3D600D216AB /* Products */;
			projectDirPath = "";
			projectRoot = "";
			targets = (
				723ADA182A99F3D600D216AB /* PicoArt */,
			);
		};
/* End PBXProject section */

/* Begin PBXResourcesBuildPhase section */
		723ADA172A99F3D600D216AB /* Resources */ = {
			isa = PBXResourcesBuildPhase;
			buildActionMask = 2147483647;
			files = (
				723ADA292A99F3D800D216AB /* LaunchScreen.storyboard in Resources */,
				723ADA262A99F3D800D216AB /* Assets.xcassets in Resources */,
				723ADA242A99F3D600D216AB /* Main.storyboard in Resources */,
				721282BF2AA0D45200FE554E /* CollectionTableViewCell.xib in Resources */,
			);
			runOnlyForDeploymentPostprocessing = 0;
		};
/* End PBXResourcesBuildPhase section */

/* Begin PBXShellScriptBuildPhase section */
		4A02886D40E1365A63068F11 /* [CP] Check Pods Manifest.lock */ = {
			isa = PBXShellScriptBuildPhase;
			buildActionMask = 2147483647;
			files = (
			);
			inputFileListPaths = (
			);
			inputPaths = (
				"${PODS_PODFILE_DIR_PATH}/Podfile.lock",
				"${PODS_ROOT}/Manifest.lock",
			);
			name = "[CP] Check Pods Manifest.lock";
			outputFileListPaths = (
			);
			outputPaths = (
				"$(DERIVED_FILE_DIR)/Pods-PicoArt-checkManifestLockResult.txt",
			);
			runOnlyForDeploymentPostprocessing = 0;
			shellPath = /bin/sh;
			shellScript = "diff \"${PODS_PODFILE_DIR_PATH}/Podfile.lock\" \"${PODS_ROOT}/Manifest.lock\" > /dev/null\nif [ $? != 0 ] ; then\n    # print error to STDERR\n    echo \"error: The sandbox is not in sync with the Podfile.lock. Run 'pod install' or update your CocoaPods installation.\" >&2\n    exit 1\nfi\n# This output is used by Xcode 'outputs' to avoid re-running this script phase.\necho \"SUCCESS\" > \"${SCRIPT_OUTPUT_FILE_0}\"\n";
			showEnvVarsInLog = 0;
		};
		B686708AD28B18BE82FB8992 /* [CP] Embed Pods Frameworks */ = {
			isa = PBXShellScriptBuildPhase;
			buildActionMask = 2147483647;
			files = (
			);
			inputFileListPaths = (
				"${PODS_ROOT}/Target Support Files/Pods-PicoArt/Pods-PicoArt-frameworks-${CONFIGURATION}-input-files.xcfilelist",
			);
			name = "[CP] Embed Pods Frameworks";
			outputFileListPaths = (
				"${PODS_ROOT}/Target Support Files/Pods-PicoArt/Pods-PicoArt-frameworks-${CONFIGURATION}-output-files.xcfilelist",
			);
			runOnlyForDeploymentPostprocessing = 0;
			shellPath = /bin/sh;
			shellScript = "\"${PODS_ROOT}/Target Support Files/Pods-PicoArt/Pods-PicoArt-frameworks.sh\"\n";
			showEnvVarsInLog = 0;
		};
/* End PBXShellScriptBuildPhase section */

/* Begin PBXSourcesBuildPhase section */
		723ADA152A99F3D600D216AB /* Sources */ = {
			isa = PBXSourcesBuildPhase;
			buildActionMask = 2147483647;
			files = (
				723ADA212A99F3D600D216AB /* ViewController.swift in Sources */,
				72E7B4C72ABCCDA300490738 /* MainViewController.swift in Sources */,
				72DD5E182AA07D62007E2CCD /* TermAndConditionViewController.swift in Sources */,
				723ADA1D2A99F3D600D216AB /* AppDelegate.swift in Sources */,
				722BB5652B283BA900B73C87 /* FirstIntroViewController.swift in Sources */,
				723ADA1F2A99F3D600D216AB /* SceneDelegate.swift in Sources */,
				72DD5E162AA07D47007E2CCD /* PrivacyPolicyViewController.swift in Sources */,
				721282BE2AA0D45200FE554E /* CollectionTableViewCell.swift in Sources */,
				722BB56F2B28620700B73C87 /* FifthIntroViewController.swift in Sources */,
				72DD5E0E2AA05989007E2CCD /* HomeViewController.swift in Sources */,
				722BB56B2B283BDE00B73C87 /* MainIntroViewController.swift in Sources */,
				72DD5E102AA05996007E2CCD /* CollectionViewController.swift in Sources */,
				72DD5E142AA063D4007E2CCD /* MainTabViewController.swift in Sources */,
				722BB5672B283BB700B73C87 /* SecondIntroViewController.swift in Sources */,
				72C85DFD2ABCC82B0078D2AA /* AboutUsViewController.swift in Sources */,
				72E7B4C52ABCCBBF00490738 /* MGK3DButton.swift in Sources */,
				72DD5E122AA059A1007E2CCD /* SettingViewController.swift in Sources */,
				722BB5692B283BC300B73C87 /* ThirdIntroViewController.swift in Sources */,
				722BB56D2B2861FB00B73C87 /* FourthIntroViewController.swift in Sources */,
			);
			runOnlyForDeploymentPostprocessing = 0;
		};
/* End PBXSourcesBuildPhase section */

/* Begin PBXVariantGroup section */
		723ADA222A99F3D600D216AB /* Main.storyboard */ = {
			isa = PBXVariantGroup;
			children = (
				723ADA232A99F3D600D216AB /* Base */,
			);
			name = Main.storyboard;
			sourceTree = "<group>";
		};
		723ADA272A99F3D800D216AB /* LaunchScreen.storyboard */ = {
			isa = PBXVariantGroup;
			children = (
				723ADA282A99F3D800D216AB /* Base */,
			);
			name = LaunchScreen.storyboard;
			sourceTree = "<group>";
		};
/* End PBXVariantGroup section */

/* Begin XCBuildConfiguration section */
		723ADA2B2A99F3D800D216AB /* Debug */ = {
			isa = XCBuildConfiguration;
			buildSettings = {
				ALWAYS_SEARCH_USER_PATHS = NO;
				CLANG_ANALYZER_NONNULL = YES;
				CLANG_ANALYZER_NUMBER_OBJECT_CONVERSION = YES_AGGRESSIVE;
				CLANG_CXX_LANGUAGE_STANDARD = "gnu++20";
				CLANG_ENABLE_MODULES = YES;
				CLANG_ENABLE_OBJC_ARC = YES;
				CLANG_ENABLE_OBJC_WEAK = YES;
				CLANG_WARN_BLOCK_CAPTURE_AUTORELEASING = YES;
				CLANG_WARN_BOOL_CONVERSION = YES;
				CLANG_WARN_COMMA = YES;
				CLANG_WARN_CONSTANT_CONVERSION = YES;
				CLANG_WARN_DEPRECATED_OBJC_IMPLEMENTATIONS = YES;
				CLANG_WARN_DIRECT_OBJC_ISA_USAGE = YES_ERROR;
				CLANG_WARN_DOCUMENTATION_COMMENTS = YES;
				CLANG_WARN_EMPTY_BODY = YES;
				CLANG_WARN_ENUM_CONVERSION = YES;
				CLANG_WARN_INFINITE_RECURSION = YES;
				CLANG_WARN_INT_CONVERSION = YES;
				CLANG_WARN_NON_LITERAL_NULL_CONVERSION = YES;
				CLANG_WARN_OBJC_IMPLICIT_RETAIN_SELF = YES;
				CLANG_WARN_OBJC_LITERAL_CONVERSION = YES;
				CLANG_WARN_OBJC_ROOT_CLASS = YES_ERROR;
				CLANG_WARN_QUOTED_INCLUDE_IN_FRAMEWORK_HEADER = YES;
				CLANG_WARN_RANGE_LOOP_ANALYSIS = YES;
				CLANG_WARN_STRICT_PROTOTYPES = YES;
				CLANG_WARN_SUSPICIOUS_MOVE = YES;
				CLANG_WARN_UNGUARDED_AVAILABILITY = YES_AGGRESSIVE;
				CLANG_WARN_UNREACHABLE_CODE = YES;
				CLANG_WARN__DUPLICATE_METHOD_MATCH = YES;
				COPY_PHASE_STRIP = NO;
				DEBUG_INFORMATION_FORMAT = dwarf;
				ENABLE_STRICT_OBJC_MSGSEND = YES;
				ENABLE_TESTABILITY = YES;
				GCC_C_LANGUAGE_STANDARD = gnu11;
				GCC_DYNAMIC_NO_PIC = NO;
				GCC_NO_COMMON_BLOCKS = YES;
				GCC_OPTIMIZATION_LEVEL = 0;
				GCC_PREPROCESSOR_DEFINITIONS = (
					"DEBUG=1",
					"$(inherited)",
				);
				GCC_WARN_64_TO_32_BIT_CONVERSION = YES;
				GCC_WARN_ABOUT_RETURN_TYPE = YES_ERROR;
				GCC_WARN_UNDECLARED_SELECTOR = YES;
				GCC_WARN_UNINITIALIZED_AUTOS = YES_AGGRESSIVE;
				GCC_WARN_UNUSED_FUNCTION = YES;
				GCC_WARN_UNUSED_VARIABLE = YES;
				IPHONEOS_DEPLOYMENT_TARGET = 16.4;
				MTL_ENABLE_DEBUG_INFO = INCLUDE_SOURCE;
				MTL_FAST_MATH = YES;
				ONLY_ACTIVE_ARCH = YES;
				SDKROOT = iphoneos;
				SWIFT_ACTIVE_COMPILATION_CONDITIONS = DEBUG;
				SWIFT_OPTIMIZATION_LEVEL = "-Onone";
			};
			name = Debug;
		};
		723ADA2C2A99F3D800D216AB /* Release */ = {
			isa = XCBuildConfiguration;
			buildSettings = {
				ALWAYS_SEARCH_USER_PATHS = NO;
				CLANG_ANALYZER_NONNULL = YES;
				CLANG_ANALYZER_NUMBER_OBJECT_CONVERSION = YES_AGGRESSIVE;
				CLANG_CXX_LANGUAGE_STANDARD = "gnu++20";
				CLANG_ENABLE_MODULES = YES;
				CLANG_ENABLE_OBJC_ARC = YES;
				CLANG_ENABLE_OBJC_WEAK = YES;
				CLANG_WARN_BLOCK_CAPTURE_AUTORELEASING = YES;
				CLANG_WARN_BOOL_CONVERSION = YES;
				CLANG_WARN_COMMA = YES;
				CLANG_WARN_CONSTANT_CONVERSION = YES;
				CLANG_WARN_DEPRECATED_OBJC_IMPLEMENTATIONS = YES;
				CLANG_WARN_DIRECT_OBJC_ISA_USAGE = YES_ERROR;
				CLANG_WARN_DOCUMENTATION_COMMENTS = YES;
				CLANG_WARN_EMPTY_BODY = YES;
				CLANG_WARN_ENUM_CONVERSION = YES;
				CLANG_WARN_INFINITE_RECURSION = YES;
				CLANG_WARN_INT_CONVERSION = YES;
				CLANG_WARN_NON_LITERAL_NULL_CONVERSION = YES;
				CLANG_WARN_OBJC_IMPLICIT_RETAIN_SELF = YES;
				CLANG_WARN_OBJC_LITERAL_CONVERSION = YES;
				CLANG_WARN_OBJC_ROOT_CLASS = YES_ERROR;
				CLANG_WARN_QUOTED_INCLUDE_IN_FRAMEWORK_HEADER = YES;
				CLANG_WARN_RANGE_LOOP_ANALYSIS = YES;
				CLANG_WARN_STRICT_PROTOTYPES = YES;
				CLANG_WARN_SUSPICIOUS_MOVE = YES;
				CLANG_WARN_UNGUARDED_AVAILABILITY = YES_AGGRESSIVE;
				CLANG_WARN_UNREACHABLE_CODE = YES;
				CLANG_WARN__DUPLICATE_METHOD_MATCH = YES;
				COPY_PHASE_STRIP = NO;
				DEBUG_INFORMATION_FORMAT = "dwarf-with-dsym";
				ENABLE_NS_ASSERTIONS = NO;
				ENABLE_STRICT_OBJC_MSGSEND = YES;
				GCC_C_LANGUAGE_STANDARD = gnu11;
				GCC_NO_COMMON_BLOCKS = YES;
				GCC_WARN_64_TO_32_BIT_CONVERSION = YES;
				GCC_WARN_ABOUT_RETURN_TYPE = YES_ERROR;
				GCC_WARN_UNDECLARED_SELECTOR = YES;
				GCC_WARN_UNINITIALIZED_AUTOS = YES_AGGRESSIVE;
				GCC_WARN_UNUSED_FUNCTION = YES;
				GCC_WARN_UNUSED_VARIABLE = YES;
				IPHONEOS_DEPLOYMENT_TARGET = 16.4;
				MTL_ENABLE_DEBUG_INFO = NO;
				MTL_FAST_MATH = YES;
				SDKROOT = iphoneos;
				SWIFT_COMPILATION_MODE = wholemodule;
				SWIFT_OPTIMIZATION_LEVEL = "-O";
				VALIDATE_PRODUCT = YES;
			};
			name = Release;
		};
		723ADA2E2A99F3D800D216AB /* Debug */ = {
			isa = XCBuildConfiguration;
			baseConfigurationReference = ECF606A2C417D446C9726E72 /* Pods-PicoArt.debug.xcconfig */;
			buildSettings = {
				ASSETCATALOG_COMPILER_APPICON_NAME = AppIcon;
				ASSETCATALOG_COMPILER_GLOBAL_ACCENT_COLOR_NAME = AccentColor;
				CODE_SIGN_IDENTITY = "Apple Development";
				"CODE_SIGN_IDENTITY[sdk=iphoneos*]" = "iPhone Distribution";
				CODE_SIGN_STYLE = Manual;
				CURRENT_PROJECT_VERSION = 1;
				DEVELOPMENT_TEAM = "";
				"DEVELOPMENT_TEAM[sdk=iphoneos*]" = 2KMG66V6L7;
				GENERATE_INFOPLIST_FILE = YES;
				INFOPLIST_FILE = PicoArt/Info.plist;
				INFOPLIST_KEY_CFBundleDisplayName = "Photo Editor";
				INFOPLIST_KEY_LSApplicationCategoryType = "public.app-category.photography";
				INFOPLIST_KEY_NSPhotoLibraryUsageDescription = "This app needs access to your Photos to save images you create.";
				INFOPLIST_KEY_UIApplicationSupportsIndirectInputEvents = YES;
				INFOPLIST_KEY_UILaunchStoryboardName = LaunchScreen;
				INFOPLIST_KEY_UIMainStoryboardFile = Main;
				INFOPLIST_KEY_UIStatusBarStyle = "";
				INFOPLIST_KEY_UISupportedInterfaceOrientations = UIInterfaceOrientationPortrait;
				INFOPLIST_KEY_UISupportedInterfaceOrientations_iPad = "UIInterfaceOrientationLandscapeLeft UIInterfaceOrientationLandscapeRight UIInterfaceOrientationPortrait UIInterfaceOrientationPortraitUpsideDown";
				IPHONEOS_DEPLOYMENT_TARGET = 13.0;
				LD_RUNPATH_SEARCH_PATHS = (
					"$(inherited)",
					"@executable_path/Frameworks",
				);
				MARKETING_VERSION = 1.0;
				PRODUCT_BUNDLE_IDENTIFIER = com.appfinity.PicoArt;
				PRODUCT_NAME = "$(TARGET_NAME)";
				PROVISIONING_PROFILE_SPECIFIER = "";
				"PROVISIONING_PROFILE_SPECIFIER[sdk=iphoneos*]" = "PicoArt Distribution Profile";
				SUPPORTED_PLATFORMS = "iphoneos iphonesimulator";
				SUPPORTS_MACCATALYST = NO;
				SUPPORTS_MAC_DESIGNED_FOR_IPHONE_IPAD = YES;
				SWIFT_EMIT_LOC_STRINGS = YES;
				SWIFT_VERSION = 5.0;
				TARGETED_DEVICE_FAMILY = 1;
			};
			name = Debug;
		};
		723ADA2F2A99F3D800D216AB /* Release */ = {
			isa = XCBuildConfiguration;
			baseConfigurationReference = CFB8958598B08EC9EC7DB325 /* Pods-PicoArt.release.xcconfig */;
			buildSettings = {
				ASSETCATALOG_COMPILER_APPICON_NAME = AppIcon;
				ASSETCATALOG_COMPILER_GLOBAL_ACCENT_COLOR_NAME = AccentColor;
				CODE_SIGN_IDENTITY = "Apple Development";
				"CODE_SIGN_IDENTITY[sdk=iphoneos*]" = "iPhone Distribution";
				CODE_SIGN_STYLE = Manual;
				CURRENT_PROJECT_VERSION = 1;
				DEVELOPMENT_TEAM = "";
				"DEVELOPMENT_TEAM[sdk=iphoneos*]" = 2KMG66V6L7;
				GENERATE_INFOPLIST_FILE = YES;
				INFOPLIST_FILE = PicoArt/Info.plist;
				INFOPLIST_KEY_CFBundleDisplayName = "Photo Editor";
				INFOPLIST_KEY_LSApplicationCategoryType = "public.app-category.photography";
				INFOPLIST_KEY_NSPhotoLibraryUsageDescription = "This app needs access to your Photos to save images you create.";
				INFOPLIST_KEY_UIApplicationSupportsIndirectInputEvents = YES;
				INFOPLIST_KEY_UILaunchStoryboardName = LaunchScreen;
				INFOPLIST_KEY_UIMainStoryboardFile = Main;
				INFOPLIST_KEY_UIStatusBarStyle = "";
				INFOPLIST_KEY_UISupportedInterfaceOrientations = UIInterfaceOrientationPortrait;
				INFOPLIST_KEY_UISupportedInterfaceOrientations_iPad = "UIInterfaceOrientationLandscapeLeft UIInterfaceOrientationLandscapeRight UIInterfaceOrientationPortrait UIInterfaceOrientationPortraitUpsideDown";
				IPHONEOS_DEPLOYMENT_TARGET = 13.0;
				LD_RUNPATH_SEARCH_PATHS = (
					"$(inherited)",
					"@executable_path/Frameworks",
				);
				MARKETING_VERSION = 1.0;
				PRODUCT_BUNDLE_IDENTIFIER = com.appfinity.PicoArt;
				PRODUCT_NAME = "$(TARGET_NAME)";
				PROVISIONING_PROFILE_SPECIFIER = "";
				"PROVISIONING_PROFILE_SPECIFIER[sdk=iphoneos*]" = "PicoArt Distribution Profile";
				SUPPORTED_PLATFORMS = "iphoneos iphonesimulator";
				SUPPORTS_MACCATALYST = NO;
				SUPPORTS_MAC_DESIGNED_FOR_IPHONE_IPAD = YES;
				SWIFT_EMIT_LOC_STRINGS = YES;
				SWIFT_VERSION = 5.0;
				TARGETED_DEVICE_FAMILY = 1;
			};
			name = Release;
		};
/* End XCBuildConfiguration section */

/* Begin XCConfigurationList section */
		723ADA142A99F3D600D216AB /* Build configuration list for PBXProject "PicoArt" */ = {
			isa = XCConfigurationList;
			buildConfigurations = (
				723ADA2B2A99F3D800D216AB /* Debug */,
				723ADA2C2A99F3D800D216AB /* Release */,
			);
			defaultConfigurationIsVisible = 0;
			defaultConfigurationName = Release;
		};
		723ADA2D2A99F3D800D216AB /* Build configuration list for PBXNativeTarget "PicoArt" */ = {
			isa = XCConfigurationList;
			buildConfigurations = (
				723ADA2E2A99F3D800D216AB /* Debug */,
				723ADA2F2A99F3D800D216AB /* Release */,
			);
			defaultConfigurationIsVisible = 0;
			defaultConfigurationName = Release;
		};
/* End XCConfigurationList section */
	};
	rootObject = 723ADA112A99F3D600D216AB /* Project object */;
}
